
Microsoft Visual Studio Solution File, Format Version 12.00
# Visual Studio 2012
Project("{F184B08F-C81C-45F6-A57F-5ABD9991F28F}") = "que1", "que1\que1.vbproj", "{012F2868-D503-4A21-A130-4480F6F8E7DC}"
EndProject
Global
	GlobalSection(SolutionConfigurationPlatforms) = preSolution
		Debug|Any CPU = Debug|Any CPU
		Release|Any CPU = Release|Any CPU
	EndGlobalSection
	GlobalSection(ProjectConfigurationPlatforms) = postSolution
		{012F2868-D503-4A21-A130-4480F6F8E7DC}.Debug|Any CPU.ActiveCfg = Debug|Any CPU
		{012F2868-D503-4A21-A130-4480F6F8E7DC}.Debug|Any CPU.Build.0 = Debug|Any CPU
		{012F2868-D503-4A21-A130-4480F6F8E7DC}.Release|Any CPU.ActiveCfg = Release|Any CPU
		{012F2868-D503-4A21-A130-4480F6F8E7DC}.Release|Any CPU.Build.0 = Release|Any CPU
	EndGlobalSection
	GlobalSection(SolutionProperties) = preSolution
		HideSolutionNode = FALSE
	EndGlobalSection
EndGlobal
